
Microsoft Visual Studio Solution File, Format Version 12.00
# Visual Studio 14
VisualStudioVersion = 14.0.24720.0
MinimumVisualStudioVersion = 10.0.40219.1
Project("{FAE04EC0-301F-11D3-BF4B-00C04F79EFBC}") = "TurtlesBrain", "TurtlesBrain\TurtlesBrain.csproj", "{B8E360B0-371F-40F6-B506-34E72FC28B20}"
EndProject
Project("{FAE04EC0-301F-11D3-BF4B-00C04F79EFBC}") = "turtleAPI", "turtleAPI\turtleAPI.csproj", "{044F2B70-70E2-4C1F-BB70-5E8F7C71089E}"
EndProject
Project("{FAE04EC0-301F-11D3-BF4B-00C04F79EFBC}") = "Client", "Client\Client.csproj", "{DB4D1F36-459F-4553-8457-93F83C7E1D6F}"
EndProject
Project("{FAE04EC0-301F-11D3-BF4B-00C04F79EFBC}") = "TurtlesBrain.Shared", "TurtlesBrain.Shared\TurtlesBrain.Shared.csproj", "{0BF96C5F-3090-4F7A-BDE8-06B73769114F}"
EndProject
Project("{FAE04EC0-301F-11D3-BF4B-00C04F79EFBC}") = "TurtlesBrain.Turtles", "TurtlesBrain.Turtles\TurtlesBrain.Turtles.csproj", "{081706F9-FCC3-4183-88EE-4E9682DDFA18}"
EndProject
Project("{FAE04EC0-301F-11D3-BF4B-00C04F79EFBC}") = "DatabaseInserter", "DBTeast\DatabaseInserter.csproj", "{EA387D19-1ABE-428D-8C8B-2D52D344872E}"
EndProject
Global
	GlobalSection(SolutionConfigurationPlatforms) = preSolution
		Debug|Any CPU = Debug|Any CPU
		Release|Any CPU = Release|Any CPU
	EndGlobalSection
	GlobalSection(ProjectConfigurationPlatforms) = postSolution
		{B8E360B0-371F-40F6-B506-34E72FC28B20}.Debug|Any CPU.ActiveCfg = Debug|Any CPU
		{B8E360B0-371F-40F6-B506-34E72FC28B20}.Debug|Any CPU.Build.0 = Debug|Any CPU
		{B8E360B0-371F-40F6-B506-34E72FC28B20}.Release|Any CPU.ActiveCfg = Release|Any CPU
		{B8E360B0-371F-40F6-B506-34E72FC28B20}.Release|Any CPU.Build.0 = Release|Any CPU
		{044F2B70-70E2-4C1F-BB70-5E8F7C71089E}.Debug|Any CPU.ActiveCfg = Debug|Any CPU
		{044F2B70-70E2-4C1F-BB70-5E8F7C71089E}.Debug|Any CPU.Build.0 = Debug|Any CPU
		{044F2B70-70E2-4C1F-BB70-5E8F7C71089E}.Release|Any CPU.ActiveCfg = Release|Any CPU
		{044F2B70-70E2-4C1F-BB70-5E8F7C71089E}.Release|Any CPU.Build.0 = Release|Any CPU
		{DB4D1F36-459F-4553-8457-93F83C7E1D6F}.Debug|Any CPU.ActiveCfg = Debug|Any CPU
		{DB4D1F36-459F-4553-8457-93F83C7E1D6F}.Debug|Any CPU.Build.0 = Debug|Any CPU
		{DB4D1F36-459F-4553-8457-93F83C7E1D6F}.Release|Any CPU.ActiveCfg = Release|Any CPU
		{DB4D1F36-459F-4553-8457-93F83C7E1D6F}.Release|Any CPU.Build.0 = Release|Any CPU
		{0BF96C5F-3090-4F7A-BDE8-06B73769114F}.Debug|Any CPU.ActiveCfg = Debug|Any CPU
		{0BF96C5F-3090-4F7A-BDE8-06B73769114F}.Debug|Any CPU.Build.0 = Debug|Any CPU
		{0BF96C5F-3090-4F7A-BDE8-06B73769114F}.Release|Any CPU.ActiveCfg = Release|Any CPU
		{0BF96C5F-3090-4F7A-BDE8-06B73769114F}.Release|Any CPU.Build.0 = Release|Any CPU
		{081706F9-FCC3-4183-88EE-4E9682DDFA18}.Debug|Any CPU.ActiveCfg = Debug|Any CPU
		{081706F9-FCC3-4183-88EE-4E9682DDFA18}.Debug|Any CPU.Build.0 = Debug|Any CPU
		{081706F9-FCC3-4183-88EE-4E9682DDFA18}.Release|Any CPU.ActiveCfg = Release|Any CPU
		{081706F9-FCC3-4183-88EE-4E9682DDFA18}.Release|Any CPU.Build.0 = Release|Any CPU
		{EA387D19-1ABE-428D-8C8B-2D52D344872E}.Debug|Any CPU.ActiveCfg = Debug|Any CPU
		{EA387D19-1ABE-428D-8C8B-2D52D344872E}.Debug|Any CPU.Build.0 = Debug|Any CPU
		{EA387D19-1ABE-428D-8C8B-2D52D344872E}.Release|Any CPU.ActiveCfg = Release|Any CPU
		{EA387D19-1ABE-428D-8C8B-2D52D344872E}.Release|Any CPU.Build.0 = Release|Any CPU
	EndGlobalSection
	GlobalSection(SolutionProperties) = preSolution
		HideSolutionNode = FALSE
	EndGlobalSection
EndGlobal
