
Microsoft Visual Studio Solution File, Format Version 12.00
# Visual Studio 14
VisualStudioVersion = 14.0.24720.0
MinimumVisualStudioVersion = 10.0.40219.1
Project("{FAE04EC0-301F-11D3-BF4B-00C04F79EFBC}") = "TurtlesBrain", "TurtlesBrain\TurtlesBrain.csproj", "{B8E360B0-371F-40F6-B506-34E72FC28B20}"
EndProject
Global
	GlobalSection(SolutionConfigurationPlatforms) = preSolution
		Debug|Any CPU = Debug|Any CPU
		Release|Any CPU = Release|Any CPU
	EndGlobalSection
	GlobalSection(ProjectConfigurationPlatforms) = postSolution
		{B8E360B0-371F-40F6-B506-34E72FC28B20}.Debug|Any CPU.ActiveCfg = Debug|Any CPU
		{B8E360B0-371F-40F6-B506-34E72FC28B20}.Debug|Any CPU.Build.0 = Debug|Any CPU
		{B8E360B0-371F-40F6-B506-34E72FC28B20}.Release|Any CPU.ActiveCfg = Release|Any CPU
		{B8E360B0-371F-40F6-B506-34E72FC28B20}.Release|Any CPU.Build.0 = Release|Any CPU
	EndGlobalSection
	GlobalSection(SolutionProperties) = preSolution
		HideSolutionNode = FALSE
	EndGlobalSection
EndGlobal
